
Microsoft Visual Studio Solution File, Format Version 12.00
# Visual Studio Version 17
VisualStudioVersion = 17.14.37411.7 d17.14
MinimumVisualStudioVersion = 10.0.40219.1
Project("{FAE04EC0-301F-11D3-BF4B-00C04F79EFBC}") = "TourneyRadarServer", "TourneyRadarServer\TourneyRadarServer.csproj", "{2EE079BB-61A4-4CB1-AEFF-386FD6DA551B}"
EndProject
Global
	GlobalSection(SolutionConfigurationPlatforms) = preSolution
		Debug|Any CPU = Debug|Any CPU
		Release|Any CPU = Release|Any CPU
	EndGlobalSection
	GlobalSection(ProjectConfigurationPlatforms) = postSolution
		{2EE079BB-61A4-4CB1-AEFF-386FD6DA551B}.Debug|Any CPU.ActiveCfg = Debug|Any CPU
		{2EE079BB-61A4-4CB1-AEFF-386FD6DA551B}.Debug|Any CPU.Build.0 = Debug|Any CPU
		{2EE079BB-61A4-4CB1-AEFF-386FD6DA551B}.Release|Any CPU.ActiveCfg = Release|Any CPU
		{2EE079BB-61A4-4CB1-AEFF-386FD6DA551B}.Release|Any CPU.Build.0 = Release|Any CPU
	EndGlobalSection
	GlobalSection(SolutionProperties) = preSolution
		HideSolutionNode = FALSE
	EndGlobalSection
	GlobalSection(ExtensibilityGlobals) = postSolution
		SolutionGuid = {5D3CD62A-EE11-48F4-93CA-96428066F156}
	EndGlobalSection
EndGlobal
